{
  "originHash" : "0d42e14003af6d1bce3ee025aa23612772ea586dcbf2c76303706bbb857c7c00",
  "pins" : [
    {
      "identity" : "charts",
      "kind" : "remoteSourceControl",
      "location" : "https://github.com/ChartsOrg/Charts.git",
      "state" : {
        "revision" : "dd9c72e3d7e751e769971092a6bd72d39198ae63",
        "version" : "5.1.0"
      }
    },
    {
      "identity" : "jgprogresshud",
      "kind" : "remoteSourceControl",
      "location" : "https://github.com/JonasGessner/JGProgressHUD.git",
      "state" : {
        "revision" : "78d7cd35f1d90ff74fd82e486f2cbe4b24be8cf9",
        "version" : "2.2.0"
      }
    },
    {
      "identity" : "uionboarding",
      "kind" : "remoteSourceControl",
      "location" : "https://github.com/lascic/UIOnboarding.git",
      "state" : {
        "revision" : "efd1e944c399de24c10d9f4947301e1c105dbb9b",
        "version" : "2.0.3"
      }
    }
  ],
  "version" : 3
}
