{
  "originHash" : "c40dd4dbde92484cb13abcab8852324e92b2d10144bc9ecc5fd878da53290b5d",
  "pins" : [
    {
      "identity" : "uionboarding",
      "kind" : "remoteSourceControl",
      "location" : "https://github.com/lascic/UIOnboarding.git",
      "state" : {
        "revision" : "efd1e944c399de24c10d9f4947301e1c105dbb9b",
        "version" : "2.0.3"
      }
    }
  ],
  "version" : 3
}
