// !$*UTF8*$!
{
	archiveVersion = 1;
	classes = {
	};
	objectVersion = 56;
	objects = {

/* Begin PBXBuildFile section */
		4FC30F8D8A6E85C37EC53CB6 /* Pods_Pregnancy_Tracker.framework in Frameworks */ = {isa = PBXBuildFile; fileRef = BA1B08941861B4C92C718A67 /* Pods_Pregnancy_Tracker.framework */; };
		53372BD12B9A3A0C00F2F268 /* SettingsPageButtons.swift in Sources */ = {isa = PBXBuildFile; fileRef = 53372BD02B9A3A0B00F2F268 /* SettingsPageButtons.swift */; };
		5C01984C2B99BFF300AC22CB /* SafeAreaView.swift in Sources */ = {isa = PBXBuildFile; fileRef = 5C01984B2B99BFF300AC22CB /* SafeAreaView.swift */; };
		5C0198502B9A0DFA00AC22CB /* UIFont.swift in Sources */ = {isa = PBXBuildFile; fileRef = 5C01984F2B9A0DFA00AC22CB /* UIFont.swift */; };
		5C0198512B9A12B800AC22CB /* Kinoble.ttf in Resources */ = {isa = PBXBuildFile; fileRef = 5C01984E2B9A0D9C00AC22CB /* Kinoble.ttf */; };
		5C01985D2B9B7EDE00AC22CB /* HeaderCategoriesCell.swift in Sources */ = {isa = PBXBuildFile; fileRef = 5C01985C2B9B7EDE00AC22CB /* HeaderCategoriesCell.swift */; };
		5C0198612B9B912D00AC22CB /* OnboardingController.swift in Sources */ = {isa = PBXBuildFile; fileRef = 5C0198602B9B912D00AC22CB /* OnboardingController.swift */; };
		5C0198692B9B994700AC22CB /* UIOnboardingHelper.swift in Sources */ = {isa = PBXBuildFile; fileRef = 5C0198682B9B994700AC22CB /* UIOnboardingHelper.swift */; };
		5C34023C2BBC1F8E006C7063 /* UIComponentsFactory.swift in Sources */ = {isa = PBXBuildFile; fileRef = 5C34023B2BBC1F8E006C7063 /* UIComponentsFactory.swift */; };
		5C3402482BBD5446006C7063 /* CalendarViewController.swift in Sources */ = {isa = PBXBuildFile; fileRef = 5C3402472BBD5446006C7063 /* CalendarViewController.swift */; };
		5C3E175C2BD5394C00C92FC4 /* UserInfoModel.swift in Sources */ = {isa = PBXBuildFile; fileRef = 5C3E175B2BD5394C00C92FC4 /* UserInfoModel.swift */; };
		5C3E175F2BD53AA600C92FC4 /* SafeAreaViewModel.swift in Sources */ = {isa = PBXBuildFile; fileRef = 5C3E175E2BD53AA600C92FC4 /* SafeAreaViewModel.swift */; };
		5C4F81512BC2CB5E0012F709 /* ReadEventPopUpViewController.swift in Sources */ = {isa = PBXBuildFile; fileRef = 5C4F81502BC2CB5E0012F709 /* ReadEventPopUpViewController.swift */; };
		5C54953D2BCF095C00720C48 /* ProfileManager.swift in Sources */ = {isa = PBXBuildFile; fileRef = 5C54953C2BCF095C00720C48 /* ProfileManager.swift */; };
		5C5495422BD0057F00720C48 /* FoodandDietCell.swift in Sources */ = {isa = PBXBuildFile; fileRef = 5C5495412BD0057F00720C48 /* FoodandDietCell.swift */; };
		5C5495502BD0426500720C48 /* FoodAndDietView.swift in Sources */ = {isa = PBXBuildFile; fileRef = 5C54954F2BD0426500720C48 /* FoodAndDietView.swift */; };
		5C5495522BD1309500720C48 /* DietAndFoodInfoProvider.swift in Sources */ = {isa = PBXBuildFile; fileRef = 5C5495512BD1309500720C48 /* DietAndFoodInfoProvider.swift */; };
		5C58CF1C2BC021BB00F9FBC4 /* AddEventPopUpViewController.swift in Sources */ = {isa = PBXBuildFile; fileRef = 5C58CF1B2BC021BB00F9FBC4 /* AddEventPopUpViewController.swift */; };
		5C6E312F2BD917AF00C2476C /* CalendarViewModel.swift in Sources */ = {isa = PBXBuildFile; fileRef = 5C6E312E2BD917AF00C2476C /* CalendarViewModel.swift */; };
		5C76EC022BD5945700286311 /* PersonalInformationViewModel.swift in Sources */ = {isa = PBXBuildFile; fileRef = 5C76EC012BD5945700286311 /* PersonalInformationViewModel.swift */; };
		5C76EC0A2BD6994500286311 /* ProfileViewModel.swift in Sources */ = {isa = PBXBuildFile; fileRef = 5C76EC092BD6994500286311 /* ProfileViewModel.swift */; };
		5C7FA8E92BA6EFAE00AEC447 /* MainCollectionViewCell.swift in Sources */ = {isa = PBXBuildFile; fileRef = 5C7FA8E82BA6EFAE00AEC447 /* MainCollectionViewCell.swift */; };
		5C7FA8EB2BA7525400AEC447 /* VerticalCollectionViewCell.swift in Sources */ = {isa = PBXBuildFile; fileRef = 5C7FA8EA2BA7525400AEC447 /* VerticalCollectionViewCell.swift */; };
		5C7FA8ED2BA8725100AEC447 /* AdvertView.swift in Sources */ = {isa = PBXBuildFile; fileRef = 5C7FA8EC2BA8725100AEC447 /* AdvertView.swift */; };
		5C7FA8EF2BA9E17700AEC447 /* CalendarCell.swift in Sources */ = {isa = PBXBuildFile; fileRef = 5C7FA8EE2BA9E17700AEC447 /* CalendarCell.swift */; };
		5C86E60D2B9DE80A00FFB7A8 /* PersonalInformationView.swift in Sources */ = {isa = PBXBuildFile; fileRef = 5C86E60C2B9DE80A00FFB7A8 /* PersonalInformationView.swift */; };
		5C86E61B2BA0611600FFB7A8 /* PaddedPlaceHolder.swift in Sources */ = {isa = PBXBuildFile; fileRef = 5C86E61A2BA0611600FFB7A8 /* PaddedPlaceHolder.swift */; };
		5C86E61E2BA0745000FFB7A8 /* CoreData.xcdatamodeld in Sources */ = {isa = PBXBuildFile; fileRef = 5C86E61C2BA0745000FFB7A8 /* CoreData.xcdatamodeld */; };
		5C917A8D2B98BF8400212267 /* HomeController.swift in Sources */ = {isa = PBXBuildFile; fileRef = 5C917A8C2B98BF8400212267 /* HomeController.swift */; };
		5C917A952B98C0B200212267 /* UIView+Layout.swift in Sources */ = {isa = PBXBuildFile; fileRef = 5C917A942B98C0B200212267 /* UIView+Layout.swift */; };
		5C917AA32B98CA9B00212267 /* ProfileController.swift in Sources */ = {isa = PBXBuildFile; fileRef = 5C917AA22B98CA9B00212267 /* ProfileController.swift */; };
		5C917AA52B98CAD900212267 /* SettingsController.swift in Sources */ = {isa = PBXBuildFile; fileRef = 5C917AA42B98CAD900212267 /* SettingsController.swift */; };
		5C917AA82B98CB3300212267 /* MainTabbarController.swift in Sources */ = {isa = PBXBuildFile; fileRef = 5C917AA72B98CB3300212267 /* MainTabbarController.swift */; };
		5CA2AC102BF1254400DD28B4 /* WaterViewModel.swift in Sources */ = {isa = PBXBuildFile; fileRef = 5CA2AC0F2BF1254400DD28B4 /* WaterViewModel.swift */; };
		5CA9DEF62B986EB4004FAD1D /* AppDelegate.swift in Sources */ = {isa = PBXBuildFile; fileRef = 5CA9DEF52B986EB4004FAD1D /* AppDelegate.swift */; };
		5CA9DEF82B986EB4004FAD1D /* SceneDelegate.swift in Sources */ = {isa = PBXBuildFile; fileRef = 5CA9DEF72B986EB4004FAD1D /* SceneDelegate.swift */; };
		5CA9DEFA2B986EB4004FAD1D /* ViewController.swift in Sources */ = {isa = PBXBuildFile; fileRef = 5CA9DEF92B986EB4004FAD1D /* ViewController.swift */; };
		5CA9DEFD2B986EB4004FAD1D /* Main.storyboard in Resources */ = {isa = PBXBuildFile; fileRef = 5CA9DEFB2B986EB4004FAD1D /* Main.storyboard */; };
		5CA9DEFF2B986EB5004FAD1D /* Assets.xcassets in Resources */ = {isa = PBXBuildFile; fileRef = 5CA9DEFE2B986EB5004FAD1D /* Assets.xcassets */; };
		5CA9DF022B986EB5004FAD1D /* LaunchScreen.storyboard in Resources */ = {isa = PBXBuildFile; fileRef = 5CA9DF002B986EB5004FAD1D /* LaunchScreen.storyboard */; };
		5CAA089D2BDA86AF0042E3A8 /* AddEventViewModel.swift in Sources */ = {isa = PBXBuildFile; fileRef = 5CAA089C2BDA86AF0042E3A8 /* AddEventViewModel.swift */; };
		5CAA08A52BE1034F0042E3A8 /* SettingsViewModel.swift in Sources */ = {isa = PBXBuildFile; fileRef = 5CAA08A42BE1034F0042E3A8 /* SettingsViewModel.swift */; };
		5CAA08A72BE287920042E3A8 /* HomeViewModel.swift in Sources */ = {isa = PBXBuildFile; fileRef = 5CAA08A62BE287920042E3A8 /* HomeViewModel.swift */; };
		5CBF71B02BEB891C00C0B304 /* AddWaterViewController.swift in Sources */ = {isa = PBXBuildFile; fileRef = 5CBF71AF2BEB891C00C0B304 /* AddWaterViewController.swift */; };
		5CE4AB062BA4CB01005F257F /* ShadowLayer.swift in Sources */ = {isa = PBXBuildFile; fileRef = 5CE4AB052BA4CB01005F257F /* ShadowLayer.swift */; };
		5CE4AB082BA4D343005F257F /* CategoriesDetailVC.swift in Sources */ = {isa = PBXBuildFile; fileRef = 5CE4AB072BA4D343005F257F /* CategoriesDetailVC.swift */; };
		5CEB19272BE66B5A00E0B546 /* WaterViewController.swift in Sources */ = {isa = PBXBuildFile; fileRef = 5CEB19262BE66B5A00E0B546 /* WaterViewController.swift */; };
		5CF3A3BC2BF229B500DE7C76 /* WaterReminderViewController.swift in Sources */ = {isa = PBXBuildFile; fileRef = 5CF3A3BB2BF229B500DE7C76 /* WaterReminderViewController.swift */; };
		5CF3A3C12BF5187000DE7C76 /* JGProgressHUD in Frameworks */ = {isa = PBXBuildFile; productRef = 5CF3A3C02BF5187000DE7C76 /* JGProgressHUD */; };
		5CF3A3C42BF5187800DE7C76 /* UIOnboarding in Frameworks */ = {isa = PBXBuildFile; productRef = 5CF3A3C32BF5187800DE7C76 /* UIOnboarding */; };
		5CF3A3C62BF518C500DE7C76 /* WaterReminderViewModel.swift in Sources */ = {isa = PBXBuildFile; fileRef = 5CF3A3C52BF518C500DE7C76 /* WaterReminderViewModel.swift */; };
/* End PBXBuildFile section */

/* Begin PBXFileReference section */
		41DC28FBD60BD6F1BE85ADDC /* Pods-Pregnancy Tracker.debug.xcconfig */ = {isa = PBXFileReference; includeInIndex = 1; lastKnownFileType = text.xcconfig; name = "Pods-Pregnancy Tracker.debug.xcconfig"; path = "Target Support Files/Pods-Pregnancy Tracker/Pods-Pregnancy Tracker.debug.xcconfig"; sourceTree = "<group>"; };
		53372BD02B9A3A0B00F2F268 /* SettingsPageButtons.swift */ = {isa = PBXFileReference; lastKnownFileType = sourcecode.swift; path = SettingsPageButtons.swift; sourceTree = "<group>"; };
		5C01984B2B99BFF300AC22CB /* SafeAreaView.swift */ = {isa = PBXFileReference; lastKnownFileType = sourcecode.swift; path = SafeAreaView.swift; sourceTree = "<group>"; };
		5C01984E2B9A0D9C00AC22CB /* Kinoble.ttf */ = {isa = PBXFileReference; lastKnownFileType = file; path = Kinoble.ttf; sourceTree = "<group>"; };
		5C01984F2B9A0DFA00AC22CB /* UIFont.swift */ = {isa = PBXFileReference; lastKnownFileType = sourcecode.swift; path = UIFont.swift; sourceTree = "<group>"; };
		5C01985C2B9B7EDE00AC22CB /* HeaderCategoriesCell.swift */ = {isa = PBXFileReference; lastKnownFileType = sourcecode.swift; path = HeaderCategoriesCell.swift; sourceTree = "<group>"; };
		5C0198602B9B912D00AC22CB /* OnboardingController.swift */ = {isa = PBXFileReference; lastKnownFileType = sourcecode.swift; path = OnboardingController.swift; sourceTree = "<group>"; };
		5C0198682B9B994700AC22CB /* UIOnboardingHelper.swift */ = {isa = PBXFileReference; lastKnownFileType = sourcecode.swift; path = UIOnboardingHelper.swift; sourceTree = "<group>"; };
		5C34023B2BBC1F8E006C7063 /* UIComponentsFactory.swift */ = {isa = PBXFileReference; lastKnownFileType = sourcecode.swift; path = UIComponentsFactory.swift; sourceTree = "<group>"; };
		5C3402472BBD5446006C7063 /* CalendarViewController.swift */ = {isa = PBXFileReference; lastKnownFileType = sourcecode.swift; path = CalendarViewController.swift; sourceTree = "<group>"; };
		5C3E175B2BD5394C00C92FC4 /* UserInfoModel.swift */ = {isa = PBXFileReference; lastKnownFileType = sourcecode.swift; path = UserInfoModel.swift; sourceTree = "<group>"; };
		5C3E175E2BD53AA600C92FC4 /* SafeAreaViewModel.swift */ = {isa = PBXFileReference; lastKnownFileType = sourcecode.swift; path = SafeAreaViewModel.swift; sourceTree = "<group>"; };
		5C4F81502BC2CB5E0012F709 /* ReadEventPopUpViewController.swift */ = {isa = PBXFileReference; lastKnownFileType = sourcecode.swift; path = ReadEventPopUpViewController.swift; sourceTree = "<group>"; };
		5C54953C2BCF095C00720C48 /* ProfileManager.swift */ = {isa = PBXFileReference; lastKnownFileType = sourcecode.swift; path = ProfileManager.swift; sourceTree = "<group>"; };
		5C5495412BD0057F00720C48 /* FoodandDietCell.swift */ = {isa = PBXFileReference; lastKnownFileType = sourcecode.swift; path = FoodandDietCell.swift; sourceTree = "<group>"; };
		5C54954F2BD0426500720C48 /* FoodAndDietView.swift */ = {isa = PBXFileReference; lastKnownFileType = sourcecode.swift; path = FoodAndDietView.swift; sourceTree = "<group>"; };
		5C5495512BD1309500720C48 /* DietAndFoodInfoProvider.swift */ = {isa = PBXFileReference; lastKnownFileType = sourcecode.swift; path = DietAndFoodInfoProvider.swift; sourceTree = "<group>"; };
		5C58CF1B2BC021BB00F9FBC4 /* AddEventPopUpViewController.swift */ = {isa = PBXFileReference; lastKnownFileType = sourcecode.swift; path = AddEventPopUpViewController.swift; sourceTree = "<group>"; };
		5C6E312E2BD917AF00C2476C /* CalendarViewModel.swift */ = {isa = PBXFileReference; lastKnownFileType = sourcecode.swift; path = CalendarViewModel.swift; sourceTree = "<group>"; };
		5C76EC012BD5945700286311 /* PersonalInformationViewModel.swift */ = {isa = PBXFileReference; lastKnownFileType = sourcecode.swift; path = PersonalInformationViewModel.swift; sourceTree = "<group>"; };
		5C76EC092BD6994500286311 /* ProfileViewModel.swift */ = {isa = PBXFileReference; lastKnownFileType = sourcecode.swift; path = ProfileViewModel.swift; sourceTree = "<group>"; };
		5C7FA8E82BA6EFAE00AEC447 /* MainCollectionViewCell.swift */ = {isa = PBXFileReference; lastKnownFileType = sourcecode.swift; path = MainCollectionViewCell.swift; sourceTree = "<group>"; };
		5C7FA8EA2BA7525400AEC447 /* VerticalCollectionViewCell.swift */ = {isa = PBXFileReference; lastKnownFileType = sourcecode.swift; path = VerticalCollectionViewCell.swift; sourceTree = "<group>"; };
		5C7FA8EC2BA8725100AEC447 /* AdvertView.swift */ = {isa = PBXFileReference; lastKnownFileType = sourcecode.swift; path = AdvertView.swift; sourceTree = "<group>"; };
		5C7FA8EE2BA9E17700AEC447 /* CalendarCell.swift */ = {isa = PBXFileReference; lastKnownFileType = sourcecode.swift; path = CalendarCell.swift; sourceTree = "<group>"; };
		5C86E60C2B9DE80A00FFB7A8 /* PersonalInformationView.swift */ = {isa = PBXFileReference; lastKnownFileType = sourcecode.swift; path = PersonalInformationView.swift; sourceTree = "<group>"; };
		5C86E61A2BA0611600FFB7A8 /* PaddedPlaceHolder.swift */ = {isa = PBXFileReference; lastKnownFileType = sourcecode.swift; path = PaddedPlaceHolder.swift; sourceTree = "<group>"; };
		5C86E61D2BA0745000FFB7A8 /* CoreData.xcdatamodel */ = {isa = PBXFileReference; lastKnownFileType = wrapper.xcdatamodel; path = CoreData.xcdatamodel; sourceTree = "<group>"; };
		5C917A8C2B98BF8400212267 /* HomeController.swift */ = {isa = PBXFileReference; lastKnownFileType = sourcecode.swift; path = HomeController.swift; sourceTree = "<group>"; };
		5C917A942B98C0B200212267 /* UIView+Layout.swift */ = {isa = PBXFileReference; fileEncoding = 4; lastKnownFileType = sourcecode.swift; path = "UIView+Layout.swift"; sourceTree = "<group>"; };
		5C917AA22B98CA9B00212267 /* ProfileController.swift */ = {isa = PBXFileReference; lastKnownFileType = sourcecode.swift; path = ProfileController.swift; sourceTree = "<group>"; };
		5C917AA42B98CAD900212267 /* SettingsController.swift */ = {isa = PBXFileReference; lastKnownFileType = sourcecode.swift; path = SettingsController.swift; sourceTree = "<group>"; };
		5C917AA72B98CB3300212267 /* MainTabbarController.swift */ = {isa = PBXFileReference; lastKnownFileType = sourcecode.swift; path = MainTabbarController.swift; sourceTree = "<group>"; };
		5CA2AC0F2BF1254400DD28B4 /* WaterViewModel.swift */ = {isa = PBXFileReference; lastKnownFileType = sourcecode.swift; path = WaterViewModel.swift; sourceTree = "<group>"; };
		5CA9DEF22B986EB4004FAD1D /* Pregnancy Tracker.app */ = {isa = PBXFileReference; explicitFileType = wrapper.application; includeInIndex = 0; path = "Pregnancy Tracker.app"; sourceTree = BUILT_PRODUCTS_DIR; };
		5CA9DEF52B986EB4004FAD1D /* AppDelegate.swift */ = {isa = PBXFileReference; lastKnownFileType = sourcecode.swift; path = AppDelegate.swift; sourceTree = "<group>"; };
		5CA9DEF72B986EB4004FAD1D /* SceneDelegate.swift */ = {isa = PBXFileReference; lastKnownFileType = sourcecode.swift; path = SceneDelegate.swift; sourceTree = "<group>"; };
		5CA9DEF92B986EB4004FAD1D /* ViewController.swift */ = {isa = PBXFileReference; lastKnownFileType = sourcecode.swift; path = ViewController.swift; sourceTree = "<group>"; };
		5CA9DEFC2B986EB4004FAD1D /* Base */ = {isa = PBXFileReference; lastKnownFileType = file.storyboard; name = Base; path = Base.lproj/Main.storyboard; sourceTree = "<group>"; };
		5CA9DEFE2B986EB5004FAD1D /* Assets.xcassets */ = {isa = PBXFileReference; lastKnownFileType = folder.assetcatalog; path = Assets.xcassets; sourceTree = "<group>"; };
		5CA9DF012B986EB5004FAD1D /* Base */ = {isa = PBXFileReference; lastKnownFileType = file.storyboard; name = Base; path = Base.lproj/LaunchScreen.storyboard; sourceTree = "<group>"; };
		5CA9DF032B986EB5004FAD1D /* Info.plist */ = {isa = PBXFileReference; lastKnownFileType = text.plist.xml; path = Info.plist; sourceTree = "<group>"; };
		5CAA089C2BDA86AF0042E3A8 /* AddEventViewModel.swift */ = {isa = PBXFileReference; lastKnownFileType = sourcecode.swift; path = AddEventViewModel.swift; sourceTree = "<group>"; };
		5CAA08A42BE1034F0042E3A8 /* SettingsViewModel.swift */ = {isa = PBXFileReference; lastKnownFileType = sourcecode.swift; path = SettingsViewModel.swift; sourceTree = "<group>"; };
		5CAA08A62BE287920042E3A8 /* HomeViewModel.swift */ = {isa = PBXFileReference; lastKnownFileType = sourcecode.swift; path = HomeViewModel.swift; sourceTree = "<group>"; };
		5CBF71AF2BEB891C00C0B304 /* AddWaterViewController.swift */ = {isa = PBXFileReference; lastKnownFileType = sourcecode.swift; path = AddWaterViewController.swift; sourceTree = "<group>"; };
		5CE4AB052BA4CB01005F257F /* ShadowLayer.swift */ = {isa = PBXFileReference; lastKnownFileType = sourcecode.swift; path = ShadowLayer.swift; sourceTree = "<group>"; };
		5CE4AB072BA4D343005F257F /* CategoriesDetailVC.swift */ = {isa = PBXFileReference; lastKnownFileType = sourcecode.swift; path = CategoriesDetailVC.swift; sourceTree = "<group>"; };
		5CEB19262BE66B5A00E0B546 /* WaterViewController.swift */ = {isa = PBXFileReference; lastKnownFileType = sourcecode.swift; path = WaterViewController.swift; sourceTree = "<group>"; };
		5CF3A3BB2BF229B500DE7C76 /* WaterReminderViewController.swift */ = {isa = PBXFileReference; lastKnownFileType = sourcecode.swift; path = WaterReminderViewController.swift; sourceTree = "<group>"; };
		5CF3A3C52BF518C500DE7C76 /* WaterReminderViewModel.swift */ = {isa = PBXFileReference; lastKnownFileType = sourcecode.swift; path = WaterReminderViewModel.swift; sourceTree = "<group>"; };
		69E174A0973F7285C2F61BED /* Pods-Pregnancy Tracker.release.xcconfig */ = {isa = PBXFileReference; includeInIndex = 1; lastKnownFileType = text.xcconfig; name = "Pods-Pregnancy Tracker.release.xcconfig"; path = "Target Support Files/Pods-Pregnancy Tracker/Pods-Pregnancy Tracker.release.xcconfig"; sourceTree = "<group>"; };
		BA1B08941861B4C92C718A67 /* Pods_Pregnancy_Tracker.framework */ = {isa = PBXFileReference; explicitFileType = wrapper.framework; includeInIndex = 0; path = Pods_Pregnancy_Tracker.framework; sourceTree = BUILT_PRODUCTS_DIR; };
/* End PBXFileReference section */

/* Begin PBXFrameworksBuildPhase section */
		5CA9DEEF2B986EB4004FAD1D /* Frameworks */ = {
			isa = PBXFrameworksBuildPhase;
			buildActionMask = 2147483647;
			files = (
				5CF3A3C12BF5187000DE7C76 /* JGProgressHUD in Frameworks */,
				5CF3A3C42BF5187800DE7C76 /* UIOnboarding in Frameworks */,
				4FC30F8D8A6E85C37EC53CB6 /* Pods_Pregnancy_Tracker.framework in Frameworks */,
			);
			runOnlyForDeploymentPostprocessing = 0;
		};
/* End PBXFrameworksBuildPhase section */

/* Begin PBXGroup section */
		503D3840CAEDEA292473CE81 /* Pods */ = {
			isa = PBXGroup;
			children = (
				41DC28FBD60BD6F1BE85ADDC /* Pods-Pregnancy Tracker.debug.xcconfig */,
				69E174A0973F7285C2F61BED /* Pods-Pregnancy Tracker.release.xcconfig */,
			);
			path = Pods;
			sourceTree = "<group>";
		};
		5C01985B2B9B7ED300AC22CB /* Cells */ = {
			isa = PBXGroup;
			children = (
				5C01985C2B9B7EDE00AC22CB /* HeaderCategoriesCell.swift */,
				5C7FA8E82BA6EFAE00AEC447 /* MainCollectionViewCell.swift */,
				5C7FA8EA2BA7525400AEC447 /* VerticalCollectionViewCell.swift */,
				5C7FA8EE2BA9E17700AEC447 /* CalendarCell.swift */,
				5C5495412BD0057F00720C48 /* FoodandDietCell.swift */,
			);
			path = Cells;
			sourceTree = "<group>";
		};
		5C01985F2B9B911900AC22CB /* Onboarding */ = {
			isa = PBXGroup;
			children = (
				5C0198602B9B912D00AC22CB /* OnboardingController.swift */,
			);
			path = Onboarding;
			sourceTree = "<group>";
		};
		5C3E175A2BD5393E00C92FC4 /* Model */ = {
			isa = PBXGroup;
			children = (
				5C3E175B2BD5394C00C92FC4 /* UserInfoModel.swift */,
			);
			path = Model;
			sourceTree = "<group>";
		};
		5C3E175D2BD53A7C00C92FC4 /* ViewModel */ = {
			isa = PBXGroup;
			children = (
				5C76EC012BD5945700286311 /* PersonalInformationViewModel.swift */,
				5C3E175E2BD53AA600C92FC4 /* SafeAreaViewModel.swift */,
				5C76EC092BD6994500286311 /* ProfileViewModel.swift */,
				5CAA08A62BE287920042E3A8 /* HomeViewModel.swift */,
				5C6E312E2BD917AF00C2476C /* CalendarViewModel.swift */,
				5CAA089C2BDA86AF0042E3A8 /* AddEventViewModel.swift */,
				5CAA08A42BE1034F0042E3A8 /* SettingsViewModel.swift */,
				5CA2AC0F2BF1254400DD28B4 /* WaterViewModel.swift */,
				5CF3A3C52BF518C500DE7C76 /* WaterReminderViewModel.swift */,
			);
			name = ViewModel;
			sourceTree = "<group>";
		};
		5C917A8B2B98BF7400212267 /* Controllers */ = {
			isa = PBXGroup;
			children = (
				5C01985F2B9B911900AC22CB /* Onboarding */,
				5C01985B2B9B7ED300AC22CB /* Cells */,
				5C917AA22B98CA9B00212267 /* ProfileController.swift */,
				5C917A8C2B98BF8400212267 /* HomeController.swift */,
				5C3402472BBD5446006C7063 /* CalendarViewController.swift */,
				5C917AA42B98CAD900212267 /* SettingsController.swift */,
				5C58CF1B2BC021BB00F9FBC4 /* AddEventPopUpViewController.swift */,
				5C4F81502BC2CB5E0012F709 /* ReadEventPopUpViewController.swift */,
				5CE4AB072BA4D343005F257F /* CategoriesDetailVC.swift */,
				5CEB19262BE66B5A00E0B546 /* WaterViewController.swift */,
				5CBF71AF2BEB891C00C0B304 /* AddWaterViewController.swift */,
				5CF3A3BB2BF229B500DE7C76 /* WaterReminderViewController.swift */,
			);
			path = Controllers;
			sourceTree = "<group>";
		};
		5C917A932B98C0A800212267 /* Helpers */ = {
			isa = PBXGroup;
			children = (
				5C01984E2B9A0D9C00AC22CB /* Kinoble.ttf */,
				5C917A942B98C0B200212267 /* UIView+Layout.swift */,
				5C01984F2B9A0DFA00AC22CB /* UIFont.swift */,
				53372BD02B9A3A0B00F2F268 /* SettingsPageButtons.swift */,
				5C0198682B9B994700AC22CB /* UIOnboardingHelper.swift */,
				5C86E61A2BA0611600FFB7A8 /* PaddedPlaceHolder.swift */,
				5CE4AB052BA4CB01005F257F /* ShadowLayer.swift */,
				5C34023B2BBC1F8E006C7063 /* UIComponentsFactory.swift */,
				5C54953C2BCF095C00720C48 /* ProfileManager.swift */,
				5C5495512BD1309500720C48 /* DietAndFoodInfoProvider.swift */,
			);
			path = Helpers;
			sourceTree = "<group>";
		};
		5C917AA62B98CB1300212267 /* MainTabbarController  */ = {
			isa = PBXGroup;
			children = (
				5C917AA72B98CB3300212267 /* MainTabbarController.swift */,
			);
			path = "MainTabbarController ";
			sourceTree = "<group>";
		};
		5C917AA92B98D91B00212267 /* Views */ = {
			isa = PBXGroup;
			children = (
				5C86E60C2B9DE80A00FFB7A8 /* PersonalInformationView.swift */,
				5C01984B2B99BFF300AC22CB /* SafeAreaView.swift */,
				5C7FA8EC2BA8725100AEC447 /* AdvertView.swift */,
				5C54954F2BD0426500720C48 /* FoodAndDietView.swift */,
			);
			path = Views;
			sourceTree = "<group>";
		};
		5CA9DEE92B986EB4004FAD1D = {
			isa = PBXGroup;
			children = (
				5CA9DEF42B986EB4004FAD1D /* Pregnancy Tracker */,
				5CA9DEF32B986EB4004FAD1D /* Products */,
				503D3840CAEDEA292473CE81 /* Pods */,
				AFA48844DD566441B62B0768 /* Frameworks */,
			);
			sourceTree = "<group>";
		};
		5CA9DEF32B986EB4004FAD1D /* Products */ = {
			isa = PBXGroup;
			children = (
				5CA9DEF22B986EB4004FAD1D /* Pregnancy Tracker.app */,
			);
			name = Products;
			sourceTree = "<group>";
		};
		5CA9DEF42B986EB4004FAD1D /* Pregnancy Tracker */ = {
			isa = PBXGroup;
			children = (
				5C3E175A2BD5393E00C92FC4 /* Model */,
				5C917AA92B98D91B00212267 /* Views */,
				5C3E175D2BD53A7C00C92FC4 /* ViewModel */,
				5C917AA62B98CB1300212267 /* MainTabbarController  */,
				5C917A8B2B98BF7400212267 /* Controllers */,
				5C917A932B98C0A800212267 /* Helpers */,
				5CA9DEF72B986EB4004FAD1D /* SceneDelegate.swift */,
				5CA9DEF52B986EB4004FAD1D /* AppDelegate.swift */,
				5CA9DEF92B986EB4004FAD1D /* ViewController.swift */,
				5CA9DEFB2B986EB4004FAD1D /* Main.storyboard */,
				5CA9DEFE2B986EB5004FAD1D /* Assets.xcassets */,
				5CA9DF002B986EB5004FAD1D /* LaunchScreen.storyboard */,
				5C86E61C2BA0745000FFB7A8 /* CoreData.xcdatamodeld */,
				5CA9DF032B986EB5004FAD1D /* Info.plist */,
			);
			path = "Pregnancy Tracker";
			sourceTree = "<group>";
		};
		AFA48844DD566441B62B0768 /* Frameworks */ = {
			isa = PBXGroup;
			children = (
				BA1B08941861B4C92C718A67 /* Pods_Pregnancy_Tracker.framework */,
			);
			name = Frameworks;
			sourceTree = "<group>";
		};
/* End PBXGroup section */

/* Begin PBXNativeTarget section */
		5CA9DEF12B986EB4004FAD1D /* Pregnancy Tracker */ = {
			isa = PBXNativeTarget;
			buildConfigurationList = 5CA9DF062B986EB5004FAD1D /* Build configuration list for PBXNativeTarget "Pregnancy Tracker" */;
			buildPhases = (
				C86F11673C96166C1E573520 /* [CP] Check Pods Manifest.lock */,
				5CA9DEEE2B986EB4004FAD1D /* Sources */,
				5CA9DEEF2B986EB4004FAD1D /* Frameworks */,
				5CA9DEF02B986EB4004FAD1D /* Resources */,
				15098809C0143D21C0817D92 /* [CP] Embed Pods Frameworks */,
			);
			buildRules = (
			);
			dependencies = (
			);
			name = "Pregnancy Tracker";
			packageProductDependencies = (
				5CF3A3C02BF5187000DE7C76 /* JGProgressHUD */,
				5CF3A3C32BF5187800DE7C76 /* UIOnboarding */,
			);
			productName = "Pregnancy Tracker";
			productReference = 5CA9DEF22B986EB4004FAD1D /* Pregnancy Tracker.app */;
			productType = "com.apple.product-type.application";
		};
/* End PBXNativeTarget section */

/* Begin PBXProject section */
		5CA9DEEA2B986EB4004FAD1D /* Project object */ = {
			isa = PBXProject;
			attributes = {
				BuildIndependentTargetsInParallel = 1;
				LastSwiftUpdateCheck = 1520;
				LastUpgradeCheck = 1520;
				TargetAttributes = {
					5CA9DEF12B986EB4004FAD1D = {
						CreatedOnToolsVersion = 15.2;
					};
				};
			};
			buildConfigurationList = 5CA9DEED2B986EB4004FAD1D /* Build configuration list for PBXProject "Pregnancy Tracker" */;
			compatibilityVersion = "Xcode 14.0";
			developmentRegion = en;
			hasScannedForEncodings = 0;
			knownRegions = (
				en,
				Base,
			);
			mainGroup = 5CA9DEE92B986EB4004FAD1D;
			packageReferences = (
				5CF3A3BF2BF5187000DE7C76 /* XCRemoteSwiftPackageReference "JGProgressHUD" */,
				5CF3A3C22BF5187800DE7C76 /* XCRemoteSwiftPackageReference "UIOnboarding" */,
			);
			productRefGroup = 5CA9DEF32B986EB4004FAD1D /* Products */;
			projectDirPath = "";
			projectRoot = "";
			targets = (
				5CA9DEF12B986EB4004FAD1D /* Pregnancy Tracker */,
			);
		};
/* End PBXProject section */

/* Begin PBXResourcesBuildPhase section */
		5CA9DEF02B986EB4004FAD1D /* Resources */ = {
			isa = PBXResourcesBuildPhase;
			buildActionMask = 2147483647;
			files = (
				5C0198512B9A12B800AC22CB /* Kinoble.ttf in Resources */,
				5CA9DF022B986EB5004FAD1D /* LaunchScreen.storyboard in Resources */,
				5CA9DEFF2B986EB5004FAD1D /* Assets.xcassets in Resources */,
				5CA9DEFD2B986EB4004FAD1D /* Main.storyboard in Resources */,
			);
			runOnlyForDeploymentPostprocessing = 0;
		};
/* End PBXResourcesBuildPhase section */

/* Begin PBXShellScriptBuildPhase section */
		15098809C0143D21C0817D92 /* [CP] Embed Pods Frameworks */ = {
			isa = PBXShellScriptBuildPhase;
			buildActionMask = 2147483647;
			files = (
			);
			inputFileListPaths = (
				"${PODS_ROOT}/Target Support Files/Pods-Pregnancy Tracker/Pods-Pregnancy Tracker-frameworks-${CONFIGURATION}-input-files.xcfilelist",
			);
			name = "[CP] Embed Pods Frameworks";
			outputFileListPaths = (
				"${PODS_ROOT}/Target Support Files/Pods-Pregnancy Tracker/Pods-Pregnancy Tracker-frameworks-${CONFIGURATION}-output-files.xcfilelist",
			);
			runOnlyForDeploymentPostprocessing = 0;
			shellPath = /bin/sh;
			shellScript = "\"${PODS_ROOT}/Target Support Files/Pods-Pregnancy Tracker/Pods-Pregnancy Tracker-frameworks.sh\"\n";
			showEnvVarsInLog = 0;
		};
		C86F11673C96166C1E573520 /* [CP] Check Pods Manifest.lock */ = {
			isa = PBXShellScriptBuildPhase;
			buildActionMask = 2147483647;
			files = (
			);
			inputFileListPaths = (
			);
			inputPaths = (
				"${PODS_PODFILE_DIR_PATH}/Podfile.lock",
				"${PODS_ROOT}/Manifest.lock",
			);
			name = "[CP] Check Pods Manifest.lock";
			outputFileListPaths = (
			);
			outputPaths = (
				"$(DERIVED_FILE_DIR)/Pods-Pregnancy Tracker-checkManifestLockResult.txt",
			);
			runOnlyForDeploymentPostprocessing = 0;
			shellPath = /bin/sh;
			shellScript = "diff \"${PODS_PODFILE_DIR_PATH}/Podfile.lock\" \"${PODS_ROOT}/Manifest.lock\" > /dev/null\nif [ $? != 0 ] ; then\n    # print error to STDERR\n    echo \"error: The sandbox is not in sync with the Podfile.lock. Run 'pod install' or update your CocoaPods installation.\" >&2\n    exit 1\nfi\n# This output is used by Xcode 'outputs' to avoid re-running this script phase.\necho \"SUCCESS\" > \"${SCRIPT_OUTPUT_FILE_0}\"\n";
			showEnvVarsInLog = 0;
		};
/* End PBXShellScriptBuildPhase section */

/* Begin PBXSourcesBuildPhase section */
		5CA9DEEE2B986EB4004FAD1D /* Sources */ = {
			isa = PBXSourcesBuildPhase;
			buildActionMask = 2147483647;
			files = (
				5C01984C2B99BFF300AC22CB /* SafeAreaView.swift in Sources */,
				5C917A8D2B98BF8400212267 /* HomeController.swift in Sources */,
				5C7FA8ED2BA8725100AEC447 /* AdvertView.swift in Sources */,
				5C3402482BBD5446006C7063 /* CalendarViewController.swift in Sources */,
				5C86E61E2BA0745000FFB7A8 /* CoreData.xcdatamodeld in Sources */,
				5CAA08A52BE1034F0042E3A8 /* SettingsViewModel.swift in Sources */,
				5CA2AC102BF1254400DD28B4 /* WaterViewModel.swift in Sources */,
				5C7FA8EB2BA7525400AEC447 /* VerticalCollectionViewCell.swift in Sources */,
				5C0198612B9B912D00AC22CB /* OnboardingController.swift in Sources */,
				5C54953D2BCF095C00720C48 /* ProfileManager.swift in Sources */,
				5CAA089D2BDA86AF0042E3A8 /* AddEventViewModel.swift in Sources */,
				5C01985D2B9B7EDE00AC22CB /* HeaderCategoriesCell.swift in Sources */,
				5C7FA8EF2BA9E17700AEC447 /* CalendarCell.swift in Sources */,
				5CF3A3BC2BF229B500DE7C76 /* WaterReminderViewController.swift in Sources */,
				5C3E175F2BD53AA600C92FC4 /* SafeAreaViewModel.swift in Sources */,
				5C86E60D2B9DE80A00FFB7A8 /* PersonalInformationView.swift in Sources */,
				5CBF71B02BEB891C00C0B304 /* AddWaterViewController.swift in Sources */,
				5C917AA52B98CAD900212267 /* SettingsController.swift in Sources */,
				5C5495522BD1309500720C48 /* DietAndFoodInfoProvider.swift in Sources */,
				5C86E61B2BA0611600FFB7A8 /* PaddedPlaceHolder.swift in Sources */,
				5CF3A3C62BF518C500DE7C76 /* WaterReminderViewModel.swift in Sources */,
				5C5495422BD0057F00720C48 /* FoodandDietCell.swift in Sources */,
				5CE4AB062BA4CB01005F257F /* ShadowLayer.swift in Sources */,
				53372BD12B9A3A0C00F2F268 /* SettingsPageButtons.swift in Sources */,
				5C34023C2BBC1F8E006C7063 /* UIComponentsFactory.swift in Sources */,
				5C7FA8E92BA6EFAE00AEC447 /* MainCollectionViewCell.swift in Sources */,
				5CA9DEFA2B986EB4004FAD1D /* ViewController.swift in Sources */,
				5C5495502BD0426500720C48 /* FoodAndDietView.swift in Sources */,
				5C4F81512BC2CB5E0012F709 /* ReadEventPopUpViewController.swift in Sources */,
				5C76EC022BD5945700286311 /* PersonalInformationViewModel.swift in Sources */,
				5C6E312F2BD917AF00C2476C /* CalendarViewModel.swift in Sources */,
				5CA9DEF62B986EB4004FAD1D /* AppDelegate.swift in Sources */,
				5CEB19272BE66B5A00E0B546 /* WaterViewController.swift in Sources */,
				5C3E175C2BD5394C00C92FC4 /* UserInfoModel.swift in Sources */,
				5CA9DEF82B986EB4004FAD1D /* SceneDelegate.swift in Sources */,
				5C0198692B9B994700AC22CB /* UIOnboardingHelper.swift in Sources */,
				5C58CF1C2BC021BB00F9FBC4 /* AddEventPopUpViewController.swift in Sources */,
				5C0198502B9A0DFA00AC22CB /* UIFont.swift in Sources */,
				5C917A952B98C0B200212267 /* UIView+Layout.swift in Sources */,
				5CAA08A72BE287920042E3A8 /* HomeViewModel.swift in Sources */,
				5CE4AB082BA4D343005F257F /* CategoriesDetailVC.swift in Sources */,
				5C917AA82B98CB3300212267 /* MainTabbarController.swift in Sources */,
				5C917AA32B98CA9B00212267 /* ProfileController.swift in Sources */,
				5C76EC0A2BD6994500286311 /* ProfileViewModel.swift in Sources */,
			);
			runOnlyForDeploymentPostprocessing = 0;
		};
/* End PBXSourcesBuildPhase section */

/* Begin PBXVariantGroup section */
		5CA9DEFB2B986EB4004FAD1D /* Main.storyboard */ = {
			isa = PBXVariantGroup;
			children = (
				5CA9DEFC2B986EB4004FAD1D /* Base */,
			);
			name = Main.storyboard;
			sourceTree = "<group>";
		};
		5CA9DF002B986EB5004FAD1D /* LaunchScreen.storyboard */ = {
			isa = PBXVariantGroup;
			children = (
				5CA9DF012B986EB5004FAD1D /* Base */,
			);
			name = LaunchScreen.storyboard;
			sourceTree = "<group>";
		};
/* End PBXVariantGroup section */

/* Begin XCBuildConfiguration section */
		5CA9DF042B986EB5004FAD1D /* Debug */ = {
			isa = XCBuildConfiguration;
			buildSettings = {
				ALWAYS_SEARCH_USER_PATHS = NO;
				ASSETCATALOG_COMPILER_GENERATE_SWIFT_ASSET_SYMBOL_EXTENSIONS = YES;
				CLANG_ANALYZER_NONNULL = YES;
				CLANG_ANALYZER_NUMBER_OBJECT_CONVERSION = YES_AGGRESSIVE;
				CLANG_CXX_LANGUAGE_STANDARD = "gnu++20";
				CLANG_ENABLE_MODULES = YES;
				CLANG_ENABLE_OBJC_ARC = YES;
				CLANG_ENABLE_OBJC_WEAK = YES;
				CLANG_WARN_BLOCK_CAPTURE_AUTORELEASING = YES;
				CLANG_WARN_BOOL_CONVERSION = YES;
				CLANG_WARN_COMMA = YES;
				CLANG_WARN_CONSTANT_CONVERSION = YES;
				CLANG_WARN_DEPRECATED_OBJC_IMPLEMENTATIONS = YES;
				CLANG_WARN_DIRECT_OBJC_ISA_USAGE = YES_ERROR;
				CLANG_WARN_DOCUMENTATION_COMMENTS = YES;
				CLANG_WARN_EMPTY_BODY = YES;
				CLANG_WARN_ENUM_CONVERSION = YES;
				CLANG_WARN_INFINITE_RECURSION = YES;
				CLANG_WARN_INT_CONVERSION = YES;
				CLANG_WARN_NON_LITERAL_NULL_CONVERSION = YES;
				CLANG_WARN_OBJC_IMPLICIT_RETAIN_SELF = YES;
				CLANG_WARN_OBJC_LITERAL_CONVERSION = YES;
				CLANG_WARN_OBJC_ROOT_CLASS = YES_ERROR;
				CLANG_WARN_QUOTED_INCLUDE_IN_FRAMEWORK_HEADER = YES;
				CLANG_WARN_RANGE_LOOP_ANALYSIS = YES;
				CLANG_WARN_STRICT_PROTOTYPES = YES;
				CLANG_WARN_SUSPICIOUS_MOVE = YES;
				CLANG_WARN_UNGUARDED_AVAILABILITY = YES_AGGRESSIVE;
				CLANG_WARN_UNREACHABLE_CODE = YES;
				CLANG_WARN__DUPLICATE_METHOD_MATCH = YES;
				COPY_PHASE_STRIP = NO;
				DEBUG_INFORMATION_FORMAT = dwarf;
				ENABLE_STRICT_OBJC_MSGSEND = YES;
				ENABLE_TESTABILITY = YES;
				ENABLE_USER_SCRIPT_SANDBOXING = NO;
				GCC_C_LANGUAGE_STANDARD = gnu17;
				GCC_DYNAMIC_NO_PIC = NO;
				GCC_NO_COMMON_BLOCKS = YES;
				GCC_OPTIMIZATION_LEVEL = 0;
				GCC_PREPROCESSOR_DEFINITIONS = (
					"DEBUG=1",
					"$(inherited)",
				);
				GCC_WARN_64_TO_32_BIT_CONVERSION = YES;
				GCC_WARN_ABOUT_RETURN_TYPE = YES_ERROR;
				GCC_WARN_UNDECLARED_SELECTOR = YES;
				GCC_WARN_UNINITIALIZED_AUTOS = YES_AGGRESSIVE;
				GCC_WARN_UNUSED_FUNCTION = YES;
				GCC_WARN_UNUSED_VARIABLE = YES;
				IPHONEOS_DEPLOYMENT_TARGET = 17.0;
				LOCALIZATION_PREFERS_STRING_CATALOGS = YES;
				MTL_ENABLE_DEBUG_INFO = INCLUDE_SOURCE;
				MTL_FAST_MATH = YES;
				ONLY_ACTIVE_ARCH = YES;
				SDKROOT = iphoneos;
				SWIFT_ACTIVE_COMPILATION_CONDITIONS = "DEBUG $(inherited)";
				SWIFT_OPTIMIZATION_LEVEL = "-Onone";
			};
			name = Debug;
		};
		5CA9DF052B986EB5004FAD1D /* Release */ = {
			isa = XCBuildConfiguration;
			buildSettings = {
				ALWAYS_SEARCH_USER_PATHS = NO;
				ASSETCATALOG_COMPILER_GENERATE_SWIFT_ASSET_SYMBOL_EXTENSIONS = YES;
				CLANG_ANALYZER_NONNULL = YES;
				CLANG_ANALYZER_NUMBER_OBJECT_CONVERSION = YES_AGGRESSIVE;
				CLANG_CXX_LANGUAGE_STANDARD = "gnu++20";
				CLANG_ENABLE_MODULES = YES;
				CLANG_ENABLE_OBJC_ARC = YES;
				CLANG_ENABLE_OBJC_WEAK = YES;
				CLANG_WARN_BLOCK_CAPTURE_AUTORELEASING = YES;
				CLANG_WARN_BOOL_CONVERSION = YES;
				CLANG_WARN_COMMA = YES;
				CLANG_WARN_CONSTANT_CONVERSION = YES;
				CLANG_WARN_DEPRECATED_OBJC_IMPLEMENTATIONS = YES;
				CLANG_WARN_DIRECT_OBJC_ISA_USAGE = YES_ERROR;
				CLANG_WARN_DOCUMENTATION_COMMENTS = YES;
				CLANG_WARN_EMPTY_BODY = YES;
				CLANG_WARN_ENUM_CONVERSION = YES;
				CLANG_WARN_INFINITE_RECURSION = YES;
				CLANG_WARN_INT_CONVERSION = YES;
				CLANG_WARN_NON_LITERAL_NULL_CONVERSION = YES;
				CLANG_WARN_OBJC_IMPLICIT_RETAIN_SELF = YES;
				CLANG_WARN_OBJC_LITERAL_CONVERSION = YES;
				CLANG_WARN_OBJC_ROOT_CLASS = YES_ERROR;
				CLANG_WARN_QUOTED_INCLUDE_IN_FRAMEWORK_HEADER = YES;
				CLANG_WARN_RANGE_LOOP_ANALYSIS = YES;
				CLANG_WARN_STRICT_PROTOTYPES = YES;
				CLANG_WARN_SUSPICIOUS_MOVE = YES;
				CLANG_WARN_UNGUARDED_AVAILABILITY = YES_AGGRESSIVE;
				CLANG_WARN_UNREACHABLE_CODE = YES;
				CLANG_WARN__DUPLICATE_METHOD_MATCH = YES;
				COPY_PHASE_STRIP = NO;
				DEBUG_INFORMATION_FORMAT = "dwarf-with-dsym";
				ENABLE_NS_ASSERTIONS = NO;
				ENABLE_STRICT_OBJC_MSGSEND = YES;
				ENABLE_USER_SCRIPT_SANDBOXING = NO;
				GCC_C_LANGUAGE_STANDARD = gnu17;
				GCC_NO_COMMON_BLOCKS = YES;
				GCC_WARN_64_TO_32_BIT_CONVERSION = YES;
				GCC_WARN_ABOUT_RETURN_TYPE = YES_ERROR;
				GCC_WARN_UNDECLARED_SELECTOR = YES;
				GCC_WARN_UNINITIALIZED_AUTOS = YES_AGGRESSIVE;
				GCC_WARN_UNUSED_FUNCTION = YES;
				GCC_WARN_UNUSED_VARIABLE = YES;
				IPHONEOS_DEPLOYMENT_TARGET = 17.0;
				LOCALIZATION_PREFERS_STRING_CATALOGS = YES;
				MTL_ENABLE_DEBUG_INFO = NO;
				MTL_FAST_MATH = YES;
				SDKROOT = iphoneos;
				SWIFT_COMPILATION_MODE = wholemodule;
				VALIDATE_PRODUCT = YES;
			};
			name = Release;
		};
		5CA9DF072B986EB5004FAD1D /* Debug */ = {
			isa = XCBuildConfiguration;
			baseConfigurationReference = 41DC28FBD60BD6F1BE85ADDC /* Pods-Pregnancy Tracker.debug.xcconfig */;
			buildSettings = {
				ASSETCATALOG_COMPILER_APPICON_NAME = AppIcon;
				ASSETCATALOG_COMPILER_GLOBAL_ACCENT_COLOR_NAME = AccentColor;
				CODE_SIGN_STYLE = Automatic;
				CURRENT_PROJECT_VERSION = 1;
				DEVELOPMENT_TEAM = 6N4HMYH8YX;
				GENERATE_INFOPLIST_FILE = YES;
				INFOPLIST_FILE = "Pregnancy Tracker/Info.plist";
				INFOPLIST_KEY_UIApplicationSupportsIndirectInputEvents = YES;
				INFOPLIST_KEY_UILaunchStoryboardName = LaunchScreen;
				INFOPLIST_KEY_UIMainStoryboardFile = Main;
				INFOPLIST_KEY_UISupportedInterfaceOrientations_iPad = "UIInterfaceOrientationPortrait UIInterfaceOrientationPortraitUpsideDown UIInterfaceOrientationLandscapeLeft UIInterfaceOrientationLandscapeRight";
				INFOPLIST_KEY_UISupportedInterfaceOrientations_iPhone = "UIInterfaceOrientationPortrait UIInterfaceOrientationLandscapeLeft UIInterfaceOrientationLandscapeRight";
				IPHONEOS_DEPLOYMENT_TARGET = 17.0;
				LD_RUNPATH_SEARCH_PATHS = (
					"$(inherited)",
					"@executable_path/Frameworks",
				);
				MARKETING_VERSION = 1.0;
				PRODUCT_BUNDLE_IDENTIFIER = "com.turancabuk.Pregnancy-Tracker";
				PRODUCT_NAME = "$(TARGET_NAME)";
				SWIFT_EMIT_LOC_STRINGS = YES;
				SWIFT_VERSION = 5.0;
				TARGETED_DEVICE_FAMILY = "1,2";
			};
			name = Debug;
		};
		5CA9DF082B986EB5004FAD1D /* Release */ = {
			isa = XCBuildConfiguration;
			baseConfigurationReference = 69E174A0973F7285C2F61BED /* Pods-Pregnancy Tracker.release.xcconfig */;
			buildSettings = {
				ASSETCATALOG_COMPILER_APPICON_NAME = AppIcon;
				ASSETCATALOG_COMPILER_GLOBAL_ACCENT_COLOR_NAME = AccentColor;
				CODE_SIGN_STYLE = Automatic;
				CURRENT_PROJECT_VERSION = 1;
				DEVELOPMENT_TEAM = 6N4HMYH8YX;
				GENERATE_INFOPLIST_FILE = YES;
				INFOPLIST_FILE = "Pregnancy Tracker/Info.plist";
				INFOPLIST_KEY_UIApplicationSupportsIndirectInputEvents = YES;
				INFOPLIST_KEY_UILaunchStoryboardName = LaunchScreen;
				INFOPLIST_KEY_UIMainStoryboardFile = Main;
				INFOPLIST_KEY_UISupportedInterfaceOrientations_iPad = "UIInterfaceOrientationPortrait UIInterfaceOrientationPortraitUpsideDown UIInterfaceOrientationLandscapeLeft UIInterfaceOrientationLandscapeRight";
				INFOPLIST_KEY_UISupportedInterfaceOrientations_iPhone = "UIInterfaceOrientationPortrait UIInterfaceOrientationLandscapeLeft UIInterfaceOrientationLandscapeRight";
				IPHONEOS_DEPLOYMENT_TARGET = 17.0;
				LD_RUNPATH_SEARCH_PATHS = (
					"$(inherited)",
					"@executable_path/Frameworks",
				);
				MARKETING_VERSION = 1.0;
				PRODUCT_BUNDLE_IDENTIFIER = "com.turancabuk.Pregnancy-Tracker";
				PRODUCT_NAME = "$(TARGET_NAME)";
				SWIFT_EMIT_LOC_STRINGS = YES;
				SWIFT_VERSION = 5.0;
				TARGETED_DEVICE_FAMILY = "1,2";
			};
			name = Release;
		};
/* End XCBuildConfiguration section */

/* Begin XCConfigurationList section */
		5CA9DEED2B986EB4004FAD1D /* Build configuration list for PBXProject "Pregnancy Tracker" */ = {
			isa = XCConfigurationList;
			buildConfigurations = (
				5CA9DF042B986EB5004FAD1D /* Debug */,
				5CA9DF052B986EB5004FAD1D /* Release */,
			);
			defaultConfigurationIsVisible = 0;
			defaultConfigurationName = Release;
		};
		5CA9DF062B986EB5004FAD1D /* Build configuration list for PBXNativeTarget "Pregnancy Tracker" */ = {
			isa = XCConfigurationList;
			buildConfigurations = (
				5CA9DF072B986EB5004FAD1D /* Debug */,
				5CA9DF082B986EB5004FAD1D /* Release */,
			);
			defaultConfigurationIsVisible = 0;
			defaultConfigurationName = Release;
		};
/* End XCConfigurationList section */

/* Begin XCRemoteSwiftPackageReference section */
		5CF3A3BF2BF5187000DE7C76 /* XCRemoteSwiftPackageReference "JGProgressHUD" */ = {
			isa = XCRemoteSwiftPackageReference;
			repositoryURL = "https://github.com/JonasGessner/JGProgressHUD.git";
			requirement = {
				kind = upToNextMajorVersion;
				minimumVersion = 2.2.0;
			};
		};
		5CF3A3C22BF5187800DE7C76 /* XCRemoteSwiftPackageReference "UIOnboarding" */ = {
			isa = XCRemoteSwiftPackageReference;
			repositoryURL = "https://github.com/lascic/UIOnboarding.git";
			requirement = {
				kind = upToNextMajorVersion;
				minimumVersion = 2.0.3;
			};
		};
/* End XCRemoteSwiftPackageReference section */

/* Begin XCSwiftPackageProductDependency section */
		5CF3A3C02BF5187000DE7C76 /* JGProgressHUD */ = {
			isa = XCSwiftPackageProductDependency;
			package = 5CF3A3BF2BF5187000DE7C76 /* XCRemoteSwiftPackageReference "JGProgressHUD" */;
			productName = JGProgressHUD;
		};
		5CF3A3C32BF5187800DE7C76 /* UIOnboarding */ = {
			isa = XCSwiftPackageProductDependency;
			package = 5CF3A3C22BF5187800DE7C76 /* XCRemoteSwiftPackageReference "UIOnboarding" */;
			productName = UIOnboarding;
		};
/* End XCSwiftPackageProductDependency section */

/* Begin XCVersionGroup section */
		5C86E61C2BA0745000FFB7A8 /* CoreData.xcdatamodeld */ = {
			isa = XCVersionGroup;
			children = (
				5C86E61D2BA0745000FFB7A8 /* CoreData.xcdatamodel */,
			);
			currentVersion = 5C86E61D2BA0745000FFB7A8 /* CoreData.xcdatamodel */;
			path = CoreData.xcdatamodeld;
			sourceTree = "<group>";
			versionGroupType = wrapper.xcdatamodel;
		};
/* End XCVersionGroup section */
	};
	rootObject = 5CA9DEEA2B986EB4004FAD1D /* Project object */;
}
