// !$*UTF8*$!
{
	archiveVersion = 1;
	classes = {
	};
	objectVersion = 56;
	objects = {

/* Begin PBXBuildFile section */
		530E34352BA1E52D0067E21A /* UIOnboarding in Frameworks */ = {isa = PBXBuildFile; productRef = 530E34342BA1E52D0067E21A /* UIOnboarding */; };
		53372BD12B9A3A0C00F2F268 /* SettingsPageButtons.swift in Sources */ = {isa = PBXBuildFile; fileRef = 53372BD02B9A3A0B00F2F268 /* SettingsPageButtons.swift */; };
		53372BD32B9B239B00F2F268 /* CustomView.swift in Sources */ = {isa = PBXBuildFile; fileRef = 53372BD22B9B239B00F2F268 /* CustomView.swift */; };
		5C01984C2B99BFF300AC22CB /* SafeAreaView.swift in Sources */ = {isa = PBXBuildFile; fileRef = 5C01984B2B99BFF300AC22CB /* SafeAreaView.swift */; };
		5C0198502B9A0DFA00AC22CB /* UIFont.swift in Sources */ = {isa = PBXBuildFile; fileRef = 5C01984F2B9A0DFA00AC22CB /* UIFont.swift */; };
		5C0198512B9A12B800AC22CB /* Kinoble.ttf in Resources */ = {isa = PBXBuildFile; fileRef = 5C01984E2B9A0D9C00AC22CB /* Kinoble.ttf */; };
		5C917A8D2B98BF8400212267 /* HomeController.swift in Sources */ = {isa = PBXBuildFile; fileRef = 5C917A8C2B98BF8400212267 /* HomeController.swift */; };
		5C917A952B98C0B200212267 /* UIView+Layout.swift in Sources */ = {isa = PBXBuildFile; fileRef = 5C917A942B98C0B200212267 /* UIView+Layout.swift */; };
		5C917A972B98C0BD00212267 /* VerticalStackView.swift in Sources */ = {isa = PBXBuildFile; fileRef = 5C917A962B98C0BD00212267 /* VerticalStackView.swift */; };
		5C917A992B98C61E00212267 /* CalendarController.swift in Sources */ = {isa = PBXBuildFile; fileRef = 5C917A982B98C61E00212267 /* CalendarController.swift */; };
		5C917A9B2B98C6BE00212267 /* WeeklyController.swift in Sources */ = {isa = PBXBuildFile; fileRef = 5C917A9A2B98C6BE00212267 /* WeeklyController.swift */; };
		5C917A9D2B98C74500212267 /* HealthController.swift in Sources */ = {isa = PBXBuildFile; fileRef = 5C917A9C2B98C74500212267 /* HealthController.swift */; };
		5C917A9F2B98C7A500212267 /* NutritionAndExerciseController.swift in Sources */ = {isa = PBXBuildFile; fileRef = 5C917A9E2B98C7A500212267 /* NutritionAndExerciseController.swift */; };
		5C917AA12B98C7FC00212267 /* InformationSourceController.swift in Sources */ = {isa = PBXBuildFile; fileRef = 5C917AA02B98C7FC00212267 /* InformationSourceController.swift */; };
		5C917AA32B98CA9B00212267 /* ProfileController.swift in Sources */ = {isa = PBXBuildFile; fileRef = 5C917AA22B98CA9B00212267 /* ProfileController.swift */; };
		5C917AA52B98CAD900212267 /* SettingsController.swift in Sources */ = {isa = PBXBuildFile; fileRef = 5C917AA42B98CAD900212267 /* SettingsController.swift */; };
		5C917AA82B98CB3300212267 /* MainTabbarController.swift in Sources */ = {isa = PBXBuildFile; fileRef = 5C917AA72B98CB3300212267 /* MainTabbarController.swift */; };
		5CA9DEF62B986EB4004FAD1D /* AppDelegate.swift in Sources */ = {isa = PBXBuildFile; fileRef = 5CA9DEF52B986EB4004FAD1D /* AppDelegate.swift */; };
		5CA9DEF82B986EB4004FAD1D /* SceneDelegate.swift in Sources */ = {isa = PBXBuildFile; fileRef = 5CA9DEF72B986EB4004FAD1D /* SceneDelegate.swift */; };
		5CA9DEFA2B986EB4004FAD1D /* ViewController.swift in Sources */ = {isa = PBXBuildFile; fileRef = 5CA9DEF92B986EB4004FAD1D /* ViewController.swift */; };
		5CA9DEFD2B986EB4004FAD1D /* Main.storyboard in Resources */ = {isa = PBXBuildFile; fileRef = 5CA9DEFB2B986EB4004FAD1D /* Main.storyboard */; };
		5CA9DEFF2B986EB5004FAD1D /* Assets.xcassets in Resources */ = {isa = PBXBuildFile; fileRef = 5CA9DEFE2B986EB5004FAD1D /* Assets.xcassets */; };
		5CA9DF022B986EB5004FAD1D /* LaunchScreen.storyboard in Resources */ = {isa = PBXBuildFile; fileRef = 5CA9DF002B986EB5004FAD1D /* LaunchScreen.storyboard */; };
/* End PBXBuildFile section */

/* Begin PBXFileReference section */
		53372BD02B9A3A0B00F2F268 /* SettingsPageButtons.swift */ = {isa = PBXFileReference; lastKnownFileType = sourcecode.swift; path = SettingsPageButtons.swift; sourceTree = "<group>"; };
		53372BD22B9B239B00F2F268 /* CustomView.swift */ = {isa = PBXFileReference; lastKnownFileType = sourcecode.swift; path = CustomView.swift; sourceTree = "<group>"; };
		5C01984B2B99BFF300AC22CB /* SafeAreaView.swift */ = {isa = PBXFileReference; lastKnownFileType = sourcecode.swift; path = SafeAreaView.swift; sourceTree = "<group>"; };
		5C01984E2B9A0D9C00AC22CB /* Kinoble.ttf */ = {isa = PBXFileReference; lastKnownFileType = file; path = Kinoble.ttf; sourceTree = "<group>"; };
		5C01984F2B9A0DFA00AC22CB /* UIFont.swift */ = {isa = PBXFileReference; lastKnownFileType = sourcecode.swift; path = UIFont.swift; sourceTree = "<group>"; };
		5C917A8C2B98BF8400212267 /* HomeController.swift */ = {isa = PBXFileReference; lastKnownFileType = sourcecode.swift; path = HomeController.swift; sourceTree = "<group>"; };
		5C917A942B98C0B200212267 /* UIView+Layout.swift */ = {isa = PBXFileReference; fileEncoding = 4; lastKnownFileType = sourcecode.swift; path = "UIView+Layout.swift"; sourceTree = "<group>"; };
		5C917A962B98C0BD00212267 /* VerticalStackView.swift */ = {isa = PBXFileReference; fileEncoding = 4; lastKnownFileType = sourcecode.swift; path = VerticalStackView.swift; sourceTree = "<group>"; };
		5C917A982B98C61E00212267 /* CalendarController.swift */ = {isa = PBXFileReference; lastKnownFileType = sourcecode.swift; path = CalendarController.swift; sourceTree = "<group>"; };
		5C917A9A2B98C6BE00212267 /* WeeklyController.swift */ = {isa = PBXFileReference; lastKnownFileType = sourcecode.swift; path = WeeklyController.swift; sourceTree = "<group>"; };
		5C917A9C2B98C74500212267 /* HealthController.swift */ = {isa = PBXFileReference; lastKnownFileType = sourcecode.swift; path = HealthController.swift; sourceTree = "<group>"; };
		5C917A9E2B98C7A500212267 /* NutritionAndExerciseController.swift */ = {isa = PBXFileReference; lastKnownFileType = sourcecode.swift; path = NutritionAndExerciseController.swift; sourceTree = "<group>"; };
		5C917AA02B98C7FC00212267 /* InformationSourceController.swift */ = {isa = PBXFileReference; lastKnownFileType = sourcecode.swift; path = InformationSourceController.swift; sourceTree = "<group>"; };
		5C917AA22B98CA9B00212267 /* ProfileController.swift */ = {isa = PBXFileReference; lastKnownFileType = sourcecode.swift; path = ProfileController.swift; sourceTree = "<group>"; };
		5C917AA42B98CAD900212267 /* SettingsController.swift */ = {isa = PBXFileReference; lastKnownFileType = sourcecode.swift; path = SettingsController.swift; sourceTree = "<group>"; };
		5C917AA72B98CB3300212267 /* MainTabbarController.swift */ = {isa = PBXFileReference; lastKnownFileType = sourcecode.swift; path = MainTabbarController.swift; sourceTree = "<group>"; };
		5CA9DEF22B986EB4004FAD1D /* Pregnancy Tracker.app */ = {isa = PBXFileReference; explicitFileType = wrapper.application; includeInIndex = 0; path = "Pregnancy Tracker.app"; sourceTree = BUILT_PRODUCTS_DIR; };
		5CA9DEF52B986EB4004FAD1D /* AppDelegate.swift */ = {isa = PBXFileReference; lastKnownFileType = sourcecode.swift; path = AppDelegate.swift; sourceTree = "<group>"; };
		5CA9DEF72B986EB4004FAD1D /* SceneDelegate.swift */ = {isa = PBXFileReference; lastKnownFileType = sourcecode.swift; path = SceneDelegate.swift; sourceTree = "<group>"; };
		5CA9DEF92B986EB4004FAD1D /* ViewController.swift */ = {isa = PBXFileReference; lastKnownFileType = sourcecode.swift; path = ViewController.swift; sourceTree = "<group>"; };
		5CA9DEFC2B986EB4004FAD1D /* Base */ = {isa = PBXFileReference; lastKnownFileType = file.storyboard; name = Base; path = Base.lproj/Main.storyboard; sourceTree = "<group>"; };
		5CA9DEFE2B986EB5004FAD1D /* Assets.xcassets */ = {isa = PBXFileReference; lastKnownFileType = folder.assetcatalog; path = Assets.xcassets; sourceTree = "<group>"; };
		5CA9DF012B986EB5004FAD1D /* Base */ = {isa = PBXFileReference; lastKnownFileType = file.storyboard; name = Base; path = Base.lproj/LaunchScreen.storyboard; sourceTree = "<group>"; };
		5CA9DF032B986EB5004FAD1D /* Info.plist */ = {isa = PBXFileReference; lastKnownFileType = text.plist.xml; path = Info.plist; sourceTree = "<group>"; };
/* End PBXFileReference section */

/* Begin PBXFrameworksBuildPhase section */
		5CA9DEEF2B986EB4004FAD1D /* Frameworks */ = {
			isa = PBXFrameworksBuildPhase;
			buildActionMask = 2147483647;
			files = (
				530E34352BA1E52D0067E21A /* UIOnboarding in Frameworks */,
			);
			runOnlyForDeploymentPostprocessing = 0;
		};
/* End PBXFrameworksBuildPhase section */

/* Begin PBXGroup section */
		5C01984D2B99E35400AC22CB /* SubControllers */ = {
			isa = PBXGroup;
			children = (
				5C917A982B98C61E00212267 /* CalendarController.swift */,
				5C917A9A2B98C6BE00212267 /* WeeklyController.swift */,
				5C917A9C2B98C74500212267 /* HealthController.swift */,
				5C917A9E2B98C7A500212267 /* NutritionAndExerciseController.swift */,
				5C917AA02B98C7FC00212267 /* InformationSourceController.swift */,
			);
			path = SubControllers;
			sourceTree = "<group>";
		};
		5C917A8B2B98BF7400212267 /* Controllers */ = {
			isa = PBXGroup;
			children = (
				5C01984D2B99E35400AC22CB /* SubControllers */,
				5C917A8C2B98BF8400212267 /* HomeController.swift */,
				5C917AA22B98CA9B00212267 /* ProfileController.swift */,
				5C917AA42B98CAD900212267 /* SettingsController.swift */,
			);
			path = Controllers;
			sourceTree = "<group>";
		};
		5C917A932B98C0A800212267 /* Helpers */ = {
			isa = PBXGroup;
			children = (
				5C01984E2B9A0D9C00AC22CB /* Kinoble.ttf */,
				5C917A962B98C0BD00212267 /* VerticalStackView.swift */,
				5C917A942B98C0B200212267 /* UIView+Layout.swift */,
				5C01984F2B9A0DFA00AC22CB /* UIFont.swift */,
				53372BD02B9A3A0B00F2F268 /* SettingsPageButtons.swift */,
			);
			path = Helpers;
			sourceTree = "<group>";
		};
		5C917AA62B98CB1300212267 /* MainTabbarController  */ = {
			isa = PBXGroup;
			children = (
				5C917AA72B98CB3300212267 /* MainTabbarController.swift */,
			);
			path = "MainTabbarController ";
			sourceTree = "<group>";
		};
		5C917AA92B98D91B00212267 /* Views */ = {
			isa = PBXGroup;
			children = (
				5C01984B2B99BFF300AC22CB /* SafeAreaView.swift */,
				53372BD22B9B239B00F2F268 /* CustomView.swift */,
			);
			path = Views;
			sourceTree = "<group>";
		};
		5CA9DEE92B986EB4004FAD1D = {
			isa = PBXGroup;
			children = (
				5CA9DEF42B986EB4004FAD1D /* Pregnancy Tracker */,
				5CA9DEF32B986EB4004FAD1D /* Products */,
			);
			sourceTree = "<group>";
		};
		5CA9DEF32B986EB4004FAD1D /* Products */ = {
			isa = PBXGroup;
			children = (
				5CA9DEF22B986EB4004FAD1D /* Pregnancy Tracker.app */,
			);
			name = Products;
			sourceTree = "<group>";
		};
		5CA9DEF42B986EB4004FAD1D /* Pregnancy Tracker */ = {
			isa = PBXGroup;
			children = (
				5C917AA92B98D91B00212267 /* Views */,
				5C917AA62B98CB1300212267 /* MainTabbarController  */,
				5C917A8B2B98BF7400212267 /* Controllers */,
				5CA9DEF52B986EB4004FAD1D /* AppDelegate.swift */,
				5CA9DEF72B986EB4004FAD1D /* SceneDelegate.swift */,
				5CA9DEF92B986EB4004FAD1D /* ViewController.swift */,
				5C917A932B98C0A800212267 /* Helpers */,
				5CA9DEFB2B986EB4004FAD1D /* Main.storyboard */,
				5CA9DEFE2B986EB5004FAD1D /* Assets.xcassets */,
				5CA9DF002B986EB5004FAD1D /* LaunchScreen.storyboard */,
				5CA9DF032B986EB5004FAD1D /* Info.plist */,
			);
			path = "Pregnancy Tracker";
			sourceTree = "<group>";
		};
/* End PBXGroup section */

/* Begin PBXNativeTarget section */
		5CA9DEF12B986EB4004FAD1D /* Pregnancy Tracker */ = {
			isa = PBXNativeTarget;
			buildConfigurationList = 5CA9DF062B986EB5004FAD1D /* Build configuration list for PBXNativeTarget "Pregnancy Tracker" */;
			buildPhases = (
				5CA9DEEE2B986EB4004FAD1D /* Sources */,
				5CA9DEEF2B986EB4004FAD1D /* Frameworks */,
				5CA9DEF02B986EB4004FAD1D /* Resources */,
			);
			buildRules = (
			);
			dependencies = (
			);
			name = "Pregnancy Tracker";
			packageProductDependencies = (
				530E34342BA1E52D0067E21A /* UIOnboarding */,
			);
			productName = "Pregnancy Tracker";
			productReference = 5CA9DEF22B986EB4004FAD1D /* Pregnancy Tracker.app */;
			productType = "com.apple.product-type.application";
		};
/* End PBXNativeTarget section */

/* Begin PBXProject section */
		5CA9DEEA2B986EB4004FAD1D /* Project object */ = {
			isa = PBXProject;
			attributes = {
				BuildIndependentTargetsInParallel = 1;
				LastSwiftUpdateCheck = 1520;
				LastUpgradeCheck = 1520;
				TargetAttributes = {
					5CA9DEF12B986EB4004FAD1D = {
						CreatedOnToolsVersion = 15.2;
					};
				};
			};
			buildConfigurationList = 5CA9DEED2B986EB4004FAD1D /* Build configuration list for PBXProject "Pregnancy Tracker" */;
			compatibilityVersion = "Xcode 14.0";
			developmentRegion = en;
			hasScannedForEncodings = 0;
			knownRegions = (
				en,
				Base,
			);
			mainGroup = 5CA9DEE92B986EB4004FAD1D;
			packageReferences = (
				530E34332BA1E52D0067E21A /* XCRemoteSwiftPackageReference "UIOnboarding" */,
			);
			productRefGroup = 5CA9DEF32B986EB4004FAD1D /* Products */;
			projectDirPath = "";
			projectRoot = "";
			targets = (
				5CA9DEF12B986EB4004FAD1D /* Pregnancy Tracker */,
			);
		};
/* End PBXProject section */

/* Begin PBXResourcesBuildPhase section */
		5CA9DEF02B986EB4004FAD1D /* Resources */ = {
			isa = PBXResourcesBuildPhase;
			buildActionMask = 2147483647;
			files = (
				5C0198512B9A12B800AC22CB /* Kinoble.ttf in Resources */,
				5CA9DF022B986EB5004FAD1D /* LaunchScreen.storyboard in Resources */,
				5CA9DEFF2B986EB5004FAD1D /* Assets.xcassets in Resources */,
				5CA9DEFD2B986EB4004FAD1D /* Main.storyboard in Resources */,
			);
			runOnlyForDeploymentPostprocessing = 0;
		};
/* End PBXResourcesBuildPhase section */

/* Begin PBXSourcesBuildPhase section */
		5CA9DEEE2B986EB4004FAD1D /* Sources */ = {
			isa = PBXSourcesBuildPhase;
			buildActionMask = 2147483647;
			files = (
				5C01984C2B99BFF300AC22CB /* SafeAreaView.swift in Sources */,
				5C917A8D2B98BF8400212267 /* HomeController.swift in Sources */,
				53372BD32B9B239B00F2F268 /* CustomView.swift in Sources */,
				5C917AA52B98CAD900212267 /* SettingsController.swift in Sources */,
				5C917A9D2B98C74500212267 /* HealthController.swift in Sources */,
				5C917AA12B98C7FC00212267 /* InformationSourceController.swift in Sources */,
				53372BD12B9A3A0C00F2F268 /* SettingsPageButtons.swift in Sources */,
				5C917A972B98C0BD00212267 /* VerticalStackView.swift in Sources */,
				5CA9DEFA2B986EB4004FAD1D /* ViewController.swift in Sources */,
				5C917A9F2B98C7A500212267 /* NutritionAndExerciseController.swift in Sources */,
				5C917A992B98C61E00212267 /* CalendarController.swift in Sources */,
				5CA9DEF62B986EB4004FAD1D /* AppDelegate.swift in Sources */,
				5CA9DEF82B986EB4004FAD1D /* SceneDelegate.swift in Sources */,
				5C917A9B2B98C6BE00212267 /* WeeklyController.swift in Sources */,
				5C0198502B9A0DFA00AC22CB /* UIFont.swift in Sources */,
				5C917A952B98C0B200212267 /* UIView+Layout.swift in Sources */,
				5C917AA82B98CB3300212267 /* MainTabbarController.swift in Sources */,
				5C917AA32B98CA9B00212267 /* ProfileController.swift in Sources */,
			);
			runOnlyForDeploymentPostprocessing = 0;
		};
/* End PBXSourcesBuildPhase section */

/* Begin PBXVariantGroup section */
		5CA9DEFB2B986EB4004FAD1D /* Main.storyboard */ = {
			isa = PBXVariantGroup;
			children = (
				5CA9DEFC2B986EB4004FAD1D /* Base */,
			);
			name = Main.storyboard;
			sourceTree = "<group>";
		};
		5CA9DF002B986EB5004FAD1D /* LaunchScreen.storyboard */ = {
			isa = PBXVariantGroup;
			children = (
				5CA9DF012B986EB5004FAD1D /* Base */,
			);
			name = LaunchScreen.storyboard;
			sourceTree = "<group>";
		};
/* End PBXVariantGroup section */

/* Begin XCBuildConfiguration section */
		5CA9DF042B986EB5004FAD1D /* Debug */ = {
			isa = XCBuildConfiguration;
			buildSettings = {
				ALWAYS_SEARCH_USER_PATHS = NO;
				ASSETCATALOG_COMPILER_GENERATE_SWIFT_ASSET_SYMBOL_EXTENSIONS = YES;
				CLANG_ANALYZER_NONNULL = YES;
				CLANG_ANALYZER_NUMBER_OBJECT_CONVERSION = YES_AGGRESSIVE;
				CLANG_CXX_LANGUAGE_STANDARD = "gnu++20";
				CLANG_ENABLE_MODULES = YES;
				CLANG_ENABLE_OBJC_ARC = YES;
				CLANG_ENABLE_OBJC_WEAK = YES;
				CLANG_WARN_BLOCK_CAPTURE_AUTORELEASING = YES;
				CLANG_WARN_BOOL_CONVERSION = YES;
				CLANG_WARN_COMMA = YES;
				CLANG_WARN_CONSTANT_CONVERSION = YES;
				CLANG_WARN_DEPRECATED_OBJC_IMPLEMENTATIONS = YES;
				CLANG_WARN_DIRECT_OBJC_ISA_USAGE = YES_ERROR;
				CLANG_WARN_DOCUMENTATION_COMMENTS = YES;
				CLANG_WARN_EMPTY_BODY = YES;
				CLANG_WARN_ENUM_CONVERSION = YES;
				CLANG_WARN_INFINITE_RECURSION = YES;
				CLANG_WARN_INT_CONVERSION = YES;
				CLANG_WARN_NON_LITERAL_NULL_CONVERSION = YES;
				CLANG_WARN_OBJC_IMPLICIT_RETAIN_SELF = YES;
				CLANG_WARN_OBJC_LITERAL_CONVERSION = YES;
				CLANG_WARN_OBJC_ROOT_CLASS = YES_ERROR;
				CLANG_WARN_QUOTED_INCLUDE_IN_FRAMEWORK_HEADER = YES;
				CLANG_WARN_RANGE_LOOP_ANALYSIS = YES;
				CLANG_WARN_STRICT_PROTOTYPES = YES;
				CLANG_WARN_SUSPICIOUS_MOVE = YES;
				CLANG_WARN_UNGUARDED_AVAILABILITY = YES_AGGRESSIVE;
				CLANG_WARN_UNREACHABLE_CODE = YES;
				CLANG_WARN__DUPLICATE_METHOD_MATCH = YES;
				COPY_PHASE_STRIP = NO;
				DEBUG_INFORMATION_FORMAT = dwarf;
				ENABLE_STRICT_OBJC_MSGSEND = YES;
				ENABLE_TESTABILITY = YES;
				ENABLE_USER_SCRIPT_SANDBOXING = YES;
				GCC_C_LANGUAGE_STANDARD = gnu17;
				GCC_DYNAMIC_NO_PIC = NO;
				GCC_NO_COMMON_BLOCKS = YES;
				GCC_OPTIMIZATION_LEVEL = 0;
				GCC_PREPROCESSOR_DEFINITIONS = (
					"DEBUG=1",
					"$(inherited)",
				);
				GCC_WARN_64_TO_32_BIT_CONVERSION = YES;
				GCC_WARN_ABOUT_RETURN_TYPE = YES_ERROR;
				GCC_WARN_UNDECLARED_SELECTOR = YES;
				GCC_WARN_UNINITIALIZED_AUTOS = YES_AGGRESSIVE;
				GCC_WARN_UNUSED_FUNCTION = YES;
				GCC_WARN_UNUSED_VARIABLE = YES;
				IPHONEOS_DEPLOYMENT_TARGET = 17.2;
				LOCALIZATION_PREFERS_STRING_CATALOGS = YES;
				MTL_ENABLE_DEBUG_INFO = INCLUDE_SOURCE;
				MTL_FAST_MATH = YES;
				ONLY_ACTIVE_ARCH = YES;
				SDKROOT = iphoneos;
				SWIFT_ACTIVE_COMPILATION_CONDITIONS = "DEBUG $(inherited)";
				SWIFT_OPTIMIZATION_LEVEL = "-Onone";
			};
			name = Debug;
		};
		5CA9DF052B986EB5004FAD1D /* Release */ = {
			isa = XCBuildConfiguration;
			buildSettings = {
				ALWAYS_SEARCH_USER_PATHS = NO;
				ASSETCATALOG_COMPILER_GENERATE_SWIFT_ASSET_SYMBOL_EXTENSIONS = YES;
				CLANG_ANALYZER_NONNULL = YES;
				CLANG_ANALYZER_NUMBER_OBJECT_CONVERSION = YES_AGGRESSIVE;
				CLANG_CXX_LANGUAGE_STANDARD = "gnu++20";
				CLANG_ENABLE_MODULES = YES;
				CLANG_ENABLE_OBJC_ARC = YES;
				CLANG_ENABLE_OBJC_WEAK = YES;
				CLANG_WARN_BLOCK_CAPTURE_AUTORELEASING = YES;
				CLANG_WARN_BOOL_CONVERSION = YES;
				CLANG_WARN_COMMA = YES;
				CLANG_WARN_CONSTANT_CONVERSION = YES;
				CLANG_WARN_DEPRECATED_OBJC_IMPLEMENTATIONS = YES;
				CLANG_WARN_DIRECT_OBJC_ISA_USAGE = YES_ERROR;
				CLANG_WARN_DOCUMENTATION_COMMENTS = YES;
				CLANG_WARN_EMPTY_BODY = YES;
				CLANG_WARN_ENUM_CONVERSION = YES;
				CLANG_WARN_INFINITE_RECURSION = YES;
				CLANG_WARN_INT_CONVERSION = YES;
				CLANG_WARN_NON_LITERAL_NULL_CONVERSION = YES;
				CLANG_WARN_OBJC_IMPLICIT_RETAIN_SELF = YES;
				CLANG_WARN_OBJC_LITERAL_CONVERSION = YES;
				CLANG_WARN_OBJC_ROOT_CLASS = YES_ERROR;
				CLANG_WARN_QUOTED_INCLUDE_IN_FRAMEWORK_HEADER = YES;
				CLANG_WARN_RANGE_LOOP_ANALYSIS = YES;
				CLANG_WARN_STRICT_PROTOTYPES = YES;
				CLANG_WARN_SUSPICIOUS_MOVE = YES;
				CLANG_WARN_UNGUARDED_AVAILABILITY = YES_AGGRESSIVE;
				CLANG_WARN_UNREACHABLE_CODE = YES;
				CLANG_WARN__DUPLICATE_METHOD_MATCH = YES;
				COPY_PHASE_STRIP = NO;
				DEBUG_INFORMATION_FORMAT = "dwarf-with-dsym";
				ENABLE_NS_ASSERTIONS = NO;
				ENABLE_STRICT_OBJC_MSGSEND = YES;
				ENABLE_USER_SCRIPT_SANDBOXING = YES;
				GCC_C_LANGUAGE_STANDARD = gnu17;
				GCC_NO_COMMON_BLOCKS = YES;
				GCC_WARN_64_TO_32_BIT_CONVERSION = YES;
				GCC_WARN_ABOUT_RETURN_TYPE = YES_ERROR;
				GCC_WARN_UNDECLARED_SELECTOR = YES;
				GCC_WARN_UNINITIALIZED_AUTOS = YES_AGGRESSIVE;
				GCC_WARN_UNUSED_FUNCTION = YES;
				GCC_WARN_UNUSED_VARIABLE = YES;
				IPHONEOS_DEPLOYMENT_TARGET = 17.2;
				LOCALIZATION_PREFERS_STRING_CATALOGS = YES;
				MTL_ENABLE_DEBUG_INFO = NO;
				MTL_FAST_MATH = YES;
				SDKROOT = iphoneos;
				SWIFT_COMPILATION_MODE = wholemodule;
				VALIDATE_PRODUCT = YES;
			};
			name = Release;
		};
		5CA9DF072B986EB5004FAD1D /* Debug */ = {
			isa = XCBuildConfiguration;
			buildSettings = {
				ASSETCATALOG_COMPILER_APPICON_NAME = AppIcon;
				ASSETCATALOG_COMPILER_GLOBAL_ACCENT_COLOR_NAME = AccentColor;
				CODE_SIGN_STYLE = Automatic;
				CURRENT_PROJECT_VERSION = 1;
				DEVELOPMENT_TEAM = 6N4HMYH8YX;
				GENERATE_INFOPLIST_FILE = YES;
				INFOPLIST_FILE = "Pregnancy Tracker/Info.plist";
				INFOPLIST_KEY_UIApplicationSupportsIndirectInputEvents = YES;
				INFOPLIST_KEY_UILaunchStoryboardName = LaunchScreen;
				INFOPLIST_KEY_UIMainStoryboardFile = Main;
				INFOPLIST_KEY_UISupportedInterfaceOrientations_iPad = "UIInterfaceOrientationPortrait UIInterfaceOrientationPortraitUpsideDown UIInterfaceOrientationLandscapeLeft UIInterfaceOrientationLandscapeRight";
				INFOPLIST_KEY_UISupportedInterfaceOrientations_iPhone = "UIInterfaceOrientationPortrait UIInterfaceOrientationLandscapeLeft UIInterfaceOrientationLandscapeRight";
				LD_RUNPATH_SEARCH_PATHS = (
					"$(inherited)",
					"@executable_path/Frameworks",
				);
				MARKETING_VERSION = 1.0;
				PRODUCT_BUNDLE_IDENTIFIER = "com.turancabuk.Pregnancy-Tracker";
				PRODUCT_NAME = "$(TARGET_NAME)";
				SWIFT_EMIT_LOC_STRINGS = YES;
				SWIFT_VERSION = 5.0;
				TARGETED_DEVICE_FAMILY = "1,2";
			};
			name = Debug;
		};
		5CA9DF082B986EB5004FAD1D /* Release */ = {
			isa = XCBuildConfiguration;
			buildSettings = {
				ASSETCATALOG_COMPILER_APPICON_NAME = AppIcon;
				ASSETCATALOG_COMPILER_GLOBAL_ACCENT_COLOR_NAME = AccentColor;
				CODE_SIGN_STYLE = Automatic;
				CURRENT_PROJECT_VERSION = 1;
				DEVELOPMENT_TEAM = 6N4HMYH8YX;
				GENERATE_INFOPLIST_FILE = YES;
				INFOPLIST_FILE = "Pregnancy Tracker/Info.plist";
				INFOPLIST_KEY_UIApplicationSupportsIndirectInputEvents = YES;
				INFOPLIST_KEY_UILaunchStoryboardName = LaunchScreen;
				INFOPLIST_KEY_UIMainStoryboardFile = Main;
				INFOPLIST_KEY_UISupportedInterfaceOrientations_iPad = "UIInterfaceOrientationPortrait UIInterfaceOrientationPortraitUpsideDown UIInterfaceOrientationLandscapeLeft UIInterfaceOrientationLandscapeRight";
				INFOPLIST_KEY_UISupportedInterfaceOrientations_iPhone = "UIInterfaceOrientationPortrait UIInterfaceOrientationLandscapeLeft UIInterfaceOrientationLandscapeRight";
				LD_RUNPATH_SEARCH_PATHS = (
					"$(inherited)",
					"@executable_path/Frameworks",
				);
				MARKETING_VERSION = 1.0;
				PRODUCT_BUNDLE_IDENTIFIER = "com.turancabuk.Pregnancy-Tracker";
				PRODUCT_NAME = "$(TARGET_NAME)";
				SWIFT_EMIT_LOC_STRINGS = YES;
				SWIFT_VERSION = 5.0;
				TARGETED_DEVICE_FAMILY = "1,2";
			};
			name = Release;
		};
/* End XCBuildConfiguration section */

/* Begin XCConfigurationList section */
		5CA9DEED2B986EB4004FAD1D /* Build configuration list for PBXProject "Pregnancy Tracker" */ = {
			isa = XCConfigurationList;
			buildConfigurations = (
				5CA9DF042B986EB5004FAD1D /* Debug */,
				5CA9DF052B986EB5004FAD1D /* Release */,
			);
			defaultConfigurationIsVisible = 0;
			defaultConfigurationName = Release;
		};
		5CA9DF062B986EB5004FAD1D /* Build configuration list for PBXNativeTarget "Pregnancy Tracker" */ = {
			isa = XCConfigurationList;
			buildConfigurations = (
				5CA9DF072B986EB5004FAD1D /* Debug */,
				5CA9DF082B986EB5004FAD1D /* Release */,
			);
			defaultConfigurationIsVisible = 0;
			defaultConfigurationName = Release;
		};
/* End XCConfigurationList section */

/* Begin XCRemoteSwiftPackageReference section */
		530E34332BA1E52D0067E21A /* XCRemoteSwiftPackageReference "UIOnboarding" */ = {
			isa = XCRemoteSwiftPackageReference;
			repositoryURL = "https://github.com/lascic/UIOnboarding.git";
			requirement = {
				kind = upToNextMajorVersion;
				minimumVersion = 2.0.3;
			};
		};
/* End XCRemoteSwiftPackageReference section */

/* Begin XCSwiftPackageProductDependency section */
		530E34342BA1E52D0067E21A /* UIOnboarding */ = {
			isa = XCSwiftPackageProductDependency;
			package = 530E34332BA1E52D0067E21A /* XCRemoteSwiftPackageReference "UIOnboarding" */;
			productName = UIOnboarding;
		};
/* End XCSwiftPackageProductDependency section */
	};
	rootObject = 5CA9DEEA2B986EB4004FAD1D /* Project object */;
}
